# This file is automatically @generated by Poetry 1.6.1 and should not be changed by hand.

[[package]]
name = "black"
version = "22.6.0"
description = "The uncompromising code formatter."
optional = false
python-versions = ">=3.6.2"
files = [
    {file = "black-22.6.0-cp310-cp310-macosx_10_9_universal2.whl", hash = "sha256:f586c26118bc6e714ec58c09df0157fe2d9ee195c764f630eb0d8e7ccce72e69"},
    {file = "black-22.6.0-cp310-cp310-macosx_10_9_x86_64.whl", hash = "sha256:b270a168d69edb8b7ed32c193ef10fd27844e5c60852039599f9184460ce0807"},
    {file = "black-22.6.0-cp310-cp310-macosx_11_0_arm64.whl", hash = "sha256:6797f58943fceb1c461fb572edbe828d811e719c24e03375fd25170ada53825e"},
    {file = "black-22.6.0-cp310-cp310-manylinux_2_17_x86_64.manylinux2014_x86_64.whl", hash = "sha256:c85928b9d5f83b23cee7d0efcb310172412fbf7cb9d9ce963bd67fd141781def"},
    {file = "black-22.6.0-cp310-cp310-win_amd64.whl", hash = "sha256:f6fe02afde060bbeef044af7996f335fbe90b039ccf3f5eb8f16df8b20f77666"},
    {file = "black-22.6.0-cp36-cp36m-macosx_10_9_x86_64.whl", hash = "sha256:cfaf3895a9634e882bf9d2363fed5af8888802d670f58b279b0bece00e9a872d"},
    {file = "black-22.6.0-cp36-cp36m-manylinux_2_17_x86_64.manylinux2014_x86_64.whl", hash = "sha256:94783f636bca89f11eb5d50437e8e17fbc6a929a628d82304c80fa9cd945f256"},
    {file = "black-22.6.0-cp36-cp36m-win_amd64.whl", hash = "sha256:2ea29072e954a4d55a2ff58971b83365eba5d3d357352a07a7a4df0d95f51c78"},
    {file = "black-22.6.0-cp37-cp37m-macosx_10_9_x86_64.whl", hash = "sha256:e439798f819d49ba1c0bd9664427a05aab79bfba777a6db94fd4e56fae0cb849"},
    {file = "black-22.6.0-cp37-cp37m-manylinux_2_17_x86_64.manylinux2014_x86_64.whl", hash = "sha256:187d96c5e713f441a5829e77120c269b6514418f4513a390b0499b0987f2ff1c"},
    {file = "black-22.6.0-cp37-cp37m-win_amd64.whl", hash = "sha256:074458dc2f6e0d3dab7928d4417bb6957bb834434516f21514138437accdbe90"},
    {file = "black-22.6.0-cp38-cp38-macosx_10_9_universal2.whl", hash = "sha256:a218d7e5856f91d20f04e931b6f16d15356db1c846ee55f01bac297a705ca24f"},
    {file = "black-22.6.0-cp38-cp38-macosx_10_9_x86_64.whl", hash = "sha256:568ac3c465b1c8b34b61cd7a4e349e93f91abf0f9371eda1cf87194663ab684e"},
    {file = "black-22.6.0-cp38-cp38-macosx_11_0_arm64.whl", hash = "sha256:6c1734ab264b8f7929cef8ae5f900b85d579e6cbfde09d7387da8f04771b51c6"},
    {file = "black-22.6.0-cp38-cp38-manylinux_2_17_x86_64.manylinux2014_x86_64.whl", hash = "sha256:c9a3ac16efe9ec7d7381ddebcc022119794872abce99475345c5a61aa18c45ad"},
    {file = "black-22.6.0-cp38-cp38-win_amd64.whl", hash = "sha256:b9fd45787ba8aa3f5e0a0a98920c1012c884622c6c920dbe98dbd05bc7c70fbf"},
    {file = "black-22.6.0-cp39-cp39-macosx_10_9_universal2.whl", hash = "sha256:7ba9be198ecca5031cd78745780d65a3f75a34b2ff9be5837045dce55db83d1c"},
    {file = "black-22.6.0-cp39-cp39-macosx_10_9_x86_64.whl", hash = "sha256:a3db5b6409b96d9bd543323b23ef32a1a2b06416d525d27e0f67e74f1446c8f2"},
    {file = "black-22.6.0-cp39-cp39-macosx_11_0_arm64.whl", hash = "sha256:560558527e52ce8afba936fcce93a7411ab40c7d5fe8c2463e279e843c0328ee"},
    {file = "black-22.6.0-cp39-cp39-manylinux_2_17_x86_64.manylinux2014_x86_64.whl", hash = "sha256:b154e6bbde1e79ea3260c4b40c0b7b3109ffcdf7bc4ebf8859169a6af72cd70b"},
    {file = "black-22.6.0-cp39-cp39-win_amd64.whl", hash = "sha256:4af5bc0e1f96be5ae9bd7aaec219c901a94d6caa2484c21983d043371c733fc4"},
    {file = "black-22.6.0-py3-none-any.whl", hash = "sha256:ac609cf8ef5e7115ddd07d85d988d074ed00e10fbc3445aee393e70164a2219c"},
    {file = "black-22.6.0.tar.gz", hash = "sha256:6c6d39e28aed379aec40da1c65434c77d75e65bb59a1e1c283de545fb4e7c6c9"},
]

[package.dependencies]
click = ">=8.0.0"
mypy-extensions = ">=0.4.3"
pathspec = ">=0.9.0"
platformdirs = ">=2"
tomli = {version = ">=1.1.0", markers = "python_full_version < \"3.11.0a7\""}

[package.extras]
colorama = ["colorama (>=0.4.3)"]
d = ["aiohttp (>=3.7.4)"]
jupyter = ["ipython (>=7.8.0)", "tokenize-rt (>=3.2.0)"]
uvloop = ["uvloop (>=0.15.2)"]

[[package]]
name = "cachetools"
version = "5.0.0"
description = "Extensible memoizing collections and decorators"
optional = false
python-versions = "~=3.7"
files = [
    {file = "cachetools-5.0.0-py3-none-any.whl", hash = "sha256:8fecd4203a38af17928be7b90689d8083603073622229ca7077b72d8e5a976e4"},
    {file = "cachetools-5.0.0.tar.gz", hash = "sha256:486471dfa8799eb7ec503a8059e263db000cdda20075ce5e48903087f79d5fd6"},
]

[[package]]
name = "certifi"
version = "2021.10.8"
description = "Python package for providing Mozilla's CA Bundle."
optional = false
python-versions = "*"
files = [
    {file = "certifi-2021.10.8-py2.py3-none-any.whl", hash = "sha256:d62a0163eb4c2344ac042ab2bdf75399a71a2d8c7d47eac2e2ee91b9d6339569"},
    {file = "certifi-2021.10.8.tar.gz", hash = "sha256:78884e7c1d4b00ce3cea67b44566851c4343c120abd683433ce934a68ea58872"},
]

[[package]]
name = "charset-normalizer"
version = "2.0.12"
description = "The Real First Universal Charset Detector. Open, modern and actively maintained alternative to Chardet."
optional = false
python-versions = ">=3.5.0"
files = [
    {file = "charset-normalizer-2.0.12.tar.gz", hash = "sha256:2857e29ff0d34db842cd7ca3230549d1a697f96ee6d3fb071cfa6c7393832597"},
    {file = "charset_normalizer-2.0.12-py3-none-any.whl", hash = "sha256:6881edbebdb17b39b4eaaa821b438bf6eddffb4468cf344f09f89def34a8b1df"},
]

[package.extras]
unicode-backport = ["unicodedata2"]

[[package]]
name = "click"
version = "8.0.3"
description = "Composable command line interface toolkit"
optional = false
python-versions = ">=3.6"
files = [
    {file = "click-8.0.3-py3-none-any.whl", hash = "sha256:353f466495adaeb40b6b5f592f9f91cb22372351c84caeb068132442a4518ef3"},
    {file = "click-8.0.3.tar.gz", hash = "sha256:410e932b050f5eed773c4cda94de75971c89cdb3155a72a0831139a79e5ecb5b"},
]

[package.dependencies]
colorama = {version = "*", markers = "platform_system == \"Windows\""}

[[package]]
name = "colorama"
version = "0.4.4"
description = "Cross-platform colored terminal text."
optional = false
python-versions = ">=2.7, !=3.0.*, !=3.1.*, !=3.2.*, !=3.3.*, !=3.4.*"
files = [
    {file = "colorama-0.4.4-py2.py3-none-any.whl", hash = "sha256:9f47eda37229f68eee03b24b9748937c7dc3868f906e8ba69fbcbdd3bc5dc3e2"},
    {file = "colorama-0.4.4.tar.gz", hash = "sha256:5941b2b48a20143d2267e95b1c2a7603ce057ee39fd88e7329b0c292aa16869b"},
]

[[package]]
name = "exceptiongroup"
version = "1.1.1"
description = "Backport of PEP 654 (exception groups)"
optional = false
python-versions = ">=3.7"
files = [
    {file = "exceptiongroup-1.1.1-py3-none-any.whl", hash = "sha256:232c37c63e4f682982c8b6459f33a8981039e5fb8756b2074364e5055c498c9e"},
    {file = "exceptiongroup-1.1.1.tar.gz", hash = "sha256:d484c3090ba2889ae2928419117447a14daf3c1231d5e30d0aae34f354f01785"},
]

[package.extras]
test = ["pytest (>=6)"]

[[package]]
name = "google-api-core"
version = "2.11.0"
description = "Google API client core library"
optional = false
python-versions = ">=3.7"
files = [
    {file = "google-api-core-2.11.0.tar.gz", hash = "sha256:4b9bb5d5a380a0befa0573b302651b8a9a89262c1730e37bf423cec511804c22"},
    {file = "google_api_core-2.11.0-py3-none-any.whl", hash = "sha256:ce222e27b0de0d7bc63eb043b956996d6dccab14cc3b690aaea91c9cc99dc16e"},
]

[package.dependencies]
google-auth = ">=2.14.1,<3.0dev"
googleapis-common-protos = ">=1.56.2,<2.0dev"
grpcio = [
    {version = ">=1.49.1,<2.0dev", optional = true, markers = "python_version >= \"3.11\" and extra == \"grpc\""},
    {version = ">=1.33.2,<2.0dev", optional = true, markers = "python_version < \"3.11\" and extra == \"grpc\""},
]
grpcio-status = [
    {version = ">=1.49.1,<2.0dev", optional = true, markers = "python_version >= \"3.11\" and extra == \"grpc\""},
    {version = ">=1.33.2,<2.0dev", optional = true, markers = "python_version < \"3.11\" and extra == \"grpc\""},
]
protobuf = ">=3.19.5,<3.20.0 || >3.20.0,<3.20.1 || >3.20.1,<4.21.0 || >4.21.0,<4.21.1 || >4.21.1,<4.21.2 || >4.21.2,<4.21.3 || >4.21.3,<4.21.4 || >4.21.4,<4.21.5 || >4.21.5,<5.0.0dev"
requests = ">=2.18.0,<3.0.0dev"

[package.extras]
grpc = ["grpcio (>=1.33.2,<2.0dev)", "grpcio (>=1.49.1,<2.0dev)", "grpcio-status (>=1.33.2,<2.0dev)", "grpcio-status (>=1.49.1,<2.0dev)"]
grpcgcp = ["grpcio-gcp (>=0.2.2,<1.0dev)"]
grpcio-gcp = ["grpcio-gcp (>=0.2.2,<1.0dev)"]

[[package]]
name = "google-auth"
version = "2.16.0"
description = "Google Authentication Library"
optional = false
python-versions = ">=2.7,!=3.0.*,!=3.1.*,!=3.2.*,!=3.3.*,!=3.4.*,!=3.5.*"
files = [
    {file = "google-auth-2.16.0.tar.gz", hash = "sha256:ed7057a101af1146f0554a769930ac9de506aeca4fd5af6543ebe791851a9fbd"},
    {file = "google_auth-2.16.0-py2.py3-none-any.whl", hash = "sha256:5045648c821fb72384cdc0e82cc326df195f113a33049d9b62b74589243d2acc"},
]

[package.dependencies]
cachetools = ">=2.0.0,<6.0"
pyasn1-modules = ">=0.2.1"
rsa = {version = ">=3.1.4,<5", markers = "python_version >= \"3.6\""}
six = ">=1.9.0"

[package.extras]
aiohttp = ["aiohttp (>=3.6.2,<4.0.0dev)", "requests (>=2.20.0,<3.0.0dev)"]
enterprise-cert = ["cryptography (==36.0.2)", "pyopenssl (==22.0.0)"]
pyopenssl = ["cryptography (>=38.0.3)", "pyopenssl (>=20.0.0)"]
reauth = ["pyu2f (>=0.1.5)"]
requests = ["requests (>=2.20.0,<3.0.0dev)"]

[[package]]
name = "google-cloud-secret-manager"
version = "2.16.1"
description = "Google Cloud Secret Manager API client library"
optional = false
python-versions = ">=3.7"
files = [
    {file = "google-cloud-secret-manager-2.16.1.tar.gz", hash = "sha256:149d11ce9be7ea81d4ac3544d3fcd4c716a9edb2cb775d9c075231570b079fbb"},
    {file = "google_cloud_secret_manager-2.16.1-py2.py3-none-any.whl", hash = "sha256:dad28c24921fb62961aafe808be0e7935a99096f03ac29eeeefa04b85534c1f3"},
]

[package.dependencies]
google-api-core = {version = ">=1.34.0,<2.0.dev0 || >=2.11.dev0,<3.0.0dev", extras = ["grpc"]}
grpc-google-iam-v1 = ">=0.12.4,<1.0.0dev"
proto-plus = [
    {version = ">=1.22.2,<2.0.0dev", markers = "python_version >= \"3.11\""},
    {version = ">=1.22.0,<2.0.0dev", markers = "python_version < \"3.11\""},
]
protobuf = ">=3.19.5,<3.20.0 || >3.20.0,<3.20.1 || >3.20.1,<4.21.0 || >4.21.0,<4.21.1 || >4.21.1,<4.21.2 || >4.21.2,<4.21.3 || >4.21.3,<4.21.4 || >4.21.4,<4.21.5 || >4.21.5,<5.0.0dev"

[[package]]
name = "googleapis-common-protos"
version = "1.56.3"
description = "Common protobufs used in Google APIs"
optional = false
python-versions = ">=3.6"
files = [
    {file = "googleapis-common-protos-1.56.3.tar.gz", hash = "sha256:6f1369b58ed6cf3a4b7054a44ebe8d03b29c309257583a2bbdc064cd1e4a1442"},
    {file = "googleapis_common_protos-1.56.3-py2.py3-none-any.whl", hash = "sha256:87955d7b3a73e6e803f2572a33179de23989ebba725e05ea42f24838b792e461"},
]

[package.dependencies]
grpcio = {version = ">=1.0.0,<2.0.0dev", optional = true, markers = "extra == \"grpc\""}
protobuf = ">=3.15.0,<5.0.0dev"

[package.extras]
grpc = ["grpcio (>=1.0.0,<2.0.0dev)"]

[[package]]
name = "grpc-google-iam-v1"
version = "0.12.4"
description = "IAM API client library"
optional = false
python-versions = ">=3.6"
files = [
    {file = "grpc-google-iam-v1-0.12.4.tar.gz", hash = "sha256:3f0ac2c940b9a855d7ce7e31fde28bddb0d9ac362d32d07c67148306931a0e30"},
    {file = "grpc_google_iam_v1-0.12.4-py2.py3-none-any.whl", hash = "sha256:312801ae848aeb8408c099ea372b96d253077e7851aae1a9e745df984f81f20c"},
]

[package.dependencies]
googleapis-common-protos = {version = ">=1.56.0,<2.0.0dev", extras = ["grpc"]}
grpcio = ">=1.0.0,<2.0.0dev"

[[package]]
name = "grpcio"
version = "1.51.1"
description = "HTTP/2-based RPC framework"
optional = false
python-versions = ">=3.7"
files = [
    {file = "grpcio-1.51.1-cp310-cp310-linux_armv7l.whl", hash = "sha256:cc2bece1737b44d878cc1510ea04469a8073dbbcdd762175168937ae4742dfb3"},
    {file = "grpcio-1.51.1-cp310-cp310-macosx_12_0_x86_64.whl", hash = "sha256:e223a9793522680beae44671b9ed8f6d25bbe5ddf8887e66aebad5e0686049ef"},
    {file = "grpcio-1.51.1-cp310-cp310-manylinux_2_17_aarch64.whl", hash = "sha256:24ac1154c4b2ab4a0c5326a76161547e70664cd2c39ba75f00fc8a2170964ea2"},
    {file = "grpcio-1.51.1-cp310-cp310-manylinux_2_17_i686.manylinux2014_i686.whl", hash = "sha256:e4ef09f8997c4be5f3504cefa6b5c6cc3cf648274ce3cede84d4342a35d76db6"},
    {file = "grpcio-1.51.1-cp310-cp310-manylinux_2_17_x86_64.manylinux2014_x86_64.whl", hash = "sha256:a8a0b77e992c64880e6efbe0086fe54dfc0bbd56f72a92d9e48264dcd2a3db98"},
    {file = "grpcio-1.51.1-cp310-cp310-musllinux_1_1_i686.whl", hash = "sha256:eacad297ea60c72dd280d3353d93fb1dcca952ec11de6bb3c49d12a572ba31dd"},
    {file = "grpcio-1.51.1-cp310-cp310-musllinux_1_1_x86_64.whl", hash = "sha256:16c71740640ba3a882f50b01bf58154681d44b51f09a5728180a8fdc66c67bd5"},
    {file = "grpcio-1.51.1-cp310-cp310-win32.whl", hash = "sha256:29cb97d41a4ead83b7bcad23bdb25bdd170b1e2cba16db6d3acbb090bc2de43c"},
    {file = "grpcio-1.51.1-cp310-cp310-win_amd64.whl", hash = "sha256:9ff42c5620b4e4530609e11afefa4a62ca91fa0abb045a8957e509ef84e54d30"},
    {file = "grpcio-1.51.1-cp311-cp311-linux_armv7l.whl", hash = "sha256:bc59f7ba87972ab236f8669d8ca7400f02a0eadf273ca00e02af64d588046f02"},
    {file = "grpcio-1.51.1-cp311-cp311-macosx_10_10_x86_64.whl", hash = "sha256:3c2b3842dcf870912da31a503454a33a697392f60c5e2697c91d133130c2c85d"},
    {file = "grpcio-1.51.1-cp311-cp311-manylinux_2_17_i686.manylinux2014_i686.whl", hash = "sha256:22b011674090594f1f3245960ced7386f6af35485a38901f8afee8ad01541dbd"},
    {file = "grpcio-1.51.1-cp311-cp311-manylinux_2_17_x86_64.manylinux2014_x86_64.whl", hash = "sha256:49d680356a975d9c66a678eb2dde192d5dc427a7994fb977363634e781614f7c"},
    {file = "grpcio-1.51.1-cp311-cp311-musllinux_1_1_i686.whl", hash = "sha256:094e64236253590d9d4075665c77b329d707b6fca864dd62b144255e199b4f87"},
    {file = "grpcio-1.51.1-cp311-cp311-musllinux_1_1_x86_64.whl", hash = "sha256:257478300735ce3c98d65a930bbda3db172bd4e00968ba743e6a1154ea6edf10"},
    {file = "grpcio-1.51.1-cp311-cp311-win32.whl", hash = "sha256:5a6ebcdef0ef12005d56d38be30f5156d1cb3373b52e96f147f4a24b0ddb3a9d"},
    {file = "grpcio-1.51.1-cp311-cp311-win_amd64.whl", hash = "sha256:3f9b0023c2c92bebd1be72cdfca23004ea748be1813a66d684d49d67d836adde"},
    {file = "grpcio-1.51.1-cp37-cp37m-linux_armv7l.whl", hash = "sha256:cd3baccea2bc5c38aeb14e5b00167bd4e2373a373a5e4d8d850bd193edad150c"},
    {file = "grpcio-1.51.1-cp37-cp37m-macosx_10_10_x86_64.whl", hash = "sha256:17ec9b13cec4a286b9e606b48191e560ca2f3bbdf3986f91e480a95d1582e1a7"},
    {file = "grpcio-1.51.1-cp37-cp37m-manylinux_2_17_aarch64.whl", hash = "sha256:fbdbe9a849854fe484c00823f45b7baab159bdd4a46075302281998cb8719df5"},
    {file = "grpcio-1.51.1-cp37-cp37m-manylinux_2_17_i686.manylinux2014_i686.whl", hash = "sha256:31bb6bc7ff145e2771c9baf612f4b9ebbc9605ccdc5f3ff3d5553de7fc0e0d79"},
    {file = "grpcio-1.51.1-cp37-cp37m-manylinux_2_17_x86_64.manylinux2014_x86_64.whl", hash = "sha256:e473525c28251558337b5c1ad3fa969511e42304524a4e404065e165b084c9e4"},
    {file = "grpcio-1.51.1-cp37-cp37m-musllinux_1_1_i686.whl", hash = "sha256:6f0b89967ee11f2b654c23b27086d88ad7bf08c0b3c2a280362f28c3698b2896"},
    {file = "grpcio-1.51.1-cp37-cp37m-musllinux_1_1_x86_64.whl", hash = "sha256:7942b32a291421460d6a07883033e392167d30724aa84987e6956cd15f1a21b9"},
    {file = "grpcio-1.51.1-cp37-cp37m-win32.whl", hash = "sha256:f96ace1540223f26fbe7c4ebbf8a98e3929a6aa0290c8033d12526847b291c0f"},
    {file = "grpcio-1.51.1-cp37-cp37m-win_amd64.whl", hash = "sha256:f1fec3abaf274cdb85bf3878167cfde5ad4a4d97c68421afda95174de85ba813"},
    {file = "grpcio-1.51.1-cp38-cp38-linux_armv7l.whl", hash = "sha256:0e1a9e1b4a23808f1132aa35f968cd8e659f60af3ffd6fb00bcf9a65e7db279f"},
    {file = "grpcio-1.51.1-cp38-cp38-macosx_10_10_x86_64.whl", hash = "sha256:6df3b63538c362312bc5fa95fb965069c65c3ea91d7ce78ad9c47cab57226f54"},
    {file = "grpcio-1.51.1-cp38-cp38-manylinux_2_17_aarch64.whl", hash = "sha256:172405ca6bdfedd6054c74c62085946e45ad4d9cec9f3c42b4c9a02546c4c7e9"},
    {file = "grpcio-1.51.1-cp38-cp38-manylinux_2_17_i686.manylinux2014_i686.whl", hash = "sha256:506b9b7a4cede87d7219bfb31014d7b471cfc77157da9e820a737ec1ea4b0663"},
    {file = "grpcio-1.51.1-cp38-cp38-manylinux_2_17_x86_64.manylinux2014_x86_64.whl", hash = "sha256:0fb93051331acbb75b49a2a0fd9239c6ba9528f6bdc1dd400ad1cb66cf864292"},
    {file = "grpcio-1.51.1-cp38-cp38-musllinux_1_1_i686.whl", hash = "sha256:5dca372268c6ab6372d37d6b9f9343e7e5b4bc09779f819f9470cd88b2ece3c3"},
    {file = "grpcio-1.51.1-cp38-cp38-musllinux_1_1_x86_64.whl", hash = "sha256:471d39d3370ca923a316d49c8aac66356cea708a11e647e3bdc3d0b5de4f0a40"},
    {file = "grpcio-1.51.1-cp38-cp38-win32.whl", hash = "sha256:75e29a90dc319f0ad4d87ba6d20083615a00d8276b51512e04ad7452b5c23b04"},
    {file = "grpcio-1.51.1-cp38-cp38-win_amd64.whl", hash = "sha256:f1158bccbb919da42544a4d3af5d9296a3358539ffa01018307337365a9a0c64"},
    {file = "grpcio-1.51.1-cp39-cp39-linux_armv7l.whl", hash = "sha256:59dffade859f157bcc55243714d57b286da6ae16469bf1ac0614d281b5f49b67"},
    {file = "grpcio-1.51.1-cp39-cp39-macosx_10_10_x86_64.whl", hash = "sha256:dad6533411d033b77f5369eafe87af8583178efd4039c41d7515d3336c53b4f1"},
    {file = "grpcio-1.51.1-cp39-cp39-manylinux_2_17_aarch64.whl", hash = "sha256:4c4423ea38a7825b8fed8934d6d9aeebdf646c97e3c608c3b0bcf23616f33877"},
    {file = "grpcio-1.51.1-cp39-cp39-manylinux_2_17_i686.manylinux2014_i686.whl", hash = "sha256:0dc5354e38e5adf2498312f7241b14c7ce3484eefa0082db4297189dcbe272e6"},
    {file = "grpcio-1.51.1-cp39-cp39-manylinux_2_17_x86_64.manylinux2014_x86_64.whl", hash = "sha256:97d67983189e2e45550eac194d6234fc38b8c3b5396c153821f2d906ed46e0ce"},
    {file = "grpcio-1.51.1-cp39-cp39-musllinux_1_1_i686.whl", hash = "sha256:538d981818e49b6ed1e9c8d5e5adf29f71c4e334e7d459bf47e9b7abb3c30e09"},
    {file = "grpcio-1.51.1-cp39-cp39-musllinux_1_1_x86_64.whl", hash = "sha256:9235dcd5144a83f9ca6f431bd0eccc46b90e2c22fe27b7f7d77cabb2fb515595"},
    {file = "grpcio-1.51.1-cp39-cp39-win32.whl", hash = "sha256:aacb54f7789ede5cbf1d007637f792d3e87f1c9841f57dd51abf89337d1b8472"},
    {file = "grpcio-1.51.1-cp39-cp39-win_amd64.whl", hash = "sha256:2b170eaf51518275c9b6b22ccb59450537c5a8555326fd96ff7391b5dd75303c"},
    {file = "grpcio-1.51.1.tar.gz", hash = "sha256:e6dfc2b6567b1c261739b43d9c59d201c1b89e017afd9e684d85aa7a186c9f7a"},
]

[package.extras]
protobuf = ["grpcio-tools (>=1.51.1)"]

[[package]]
name = "grpcio-status"
version = "1.51.1"
description = "Status proto mapping for gRPC"
optional = false
python-versions = ">=3.6"
files = [
    {file = "grpcio-status-1.51.1.tar.gz", hash = "sha256:ac2617a3095935ebd785e2228958f24b10a0d527a0c9eb5a0863c784f648a816"},
    {file = "grpcio_status-1.51.1-py3-none-any.whl", hash = "sha256:a52cbdc4b18f325bfc13d319ae7c7ae7a0fee07f3d9a005504d6097896d7a495"},
]

[package.dependencies]
googleapis-common-protos = ">=1.5.5"
grpcio = ">=1.51.1"
protobuf = ">=4.21.6"

[[package]]
name = "idna"
version = "3.3"
description = "Internationalized Domain Names in Applications (IDNA)"
optional = false
python-versions = ">=3.5"
files = [
    {file = "idna-3.3-py3-none-any.whl", hash = "sha256:84d9dd047ffa80596e0f246e2eab0b391788b0503584e8945f2368256d2735ff"},
    {file = "idna-3.3.tar.gz", hash = "sha256:9d643ff0a55b762d5cdb124b8eaa99c66322e2157b69160bc32796e824360e6d"},
]

[[package]]
name = "iniconfig"
version = "1.1.1"
description = "iniconfig: brain-dead simple config-ini parsing"
optional = false
python-versions = "*"
files = [
    {file = "iniconfig-1.1.1-py2.py3-none-any.whl", hash = "sha256:011e24c64b7f47f6ebd835bb12a743f2fbe9a26d4cecaa7f53bc4f35ee9da8b3"},
    {file = "iniconfig-1.1.1.tar.gz", hash = "sha256:bc3af051d7d14b2ee5ef9969666def0cd1a000e121eaea580d4a313df4b37f32"},
]

[[package]]
name = "mypy-extensions"
version = "0.4.3"
description = "Experimental type system extensions for programs checked with the mypy typechecker."
optional = false
python-versions = "*"
files = [
    {file = "mypy_extensions-0.4.3-py2.py3-none-any.whl", hash = "sha256:090fedd75945a69ae91ce1303b5824f428daf5a028d2f6ab8a299250a846f15d"},
    {file = "mypy_extensions-0.4.3.tar.gz", hash = "sha256:2d82818f5bb3e369420cb3c4060a7970edba416647068eb4c5343488a6c604a8"},
]

[[package]]
name = "packaging"
version = "21.3"
description = "Core utilities for Python packages"
optional = false
python-versions = ">=3.6"
files = [
    {file = "packaging-21.3-py3-none-any.whl", hash = "sha256:ef103e05f519cdc783ae24ea4e2e0f508a9c99b2d4969652eed6a2e1ea5bd522"},
    {file = "packaging-21.3.tar.gz", hash = "sha256:dd47c42927d89ab911e606518907cc2d3a1f38bbd026385970643f9c5b8ecfeb"},
]

[package.dependencies]
pyparsing = ">=2.0.2,<3.0.5 || >3.0.5"

[[package]]
name = "pathspec"
version = "0.9.0"
description = "Utility library for gitignore style pattern matching of file paths."
optional = false
python-versions = "!=3.0.*,!=3.1.*,!=3.2.*,!=3.3.*,!=3.4.*,>=2.7"
files = [
    {file = "pathspec-0.9.0-py2.py3-none-any.whl", hash = "sha256:7d15c4ddb0b5c802d161efc417ec1a2558ea2653c2e8ad9c19098201dc1c993a"},
    {file = "pathspec-0.9.0.tar.gz", hash = "sha256:e564499435a2673d586f6b2130bb5b95f04a3ba06f81b8f895b651a3c76aabb1"},
]

[[package]]
name = "platformdirs"
version = "2.5.0"
description = "A small Python module for determining appropriate platform-specific dirs, e.g. a \"user data dir\"."
optional = false
python-versions = ">=3.7"
files = [
    {file = "platformdirs-2.5.0-py3-none-any.whl", hash = "sha256:30671902352e97b1eafd74ade8e4a694782bd3471685e78c32d0fdfd3aa7e7bb"},
    {file = "platformdirs-2.5.0.tar.gz", hash = "sha256:8ec11dfba28ecc0715eb5fb0147a87b1bf325f349f3da9aab2cd6b50b96b692b"},
]

[package.extras]
docs = ["Sphinx (>=4)", "furo (>=2021.7.5b38)", "proselint (>=0.10.2)", "sphinx-autodoc-typehints (>=1.12)"]
test = ["appdirs (==1.4.4)", "pytest (>=6)", "pytest-cov (>=2.7)", "pytest-mock (>=3.6)"]

[[package]]
name = "pluggy"
version = "0.13.1"
description = "plugin and hook calling mechanisms for python"
optional = false
python-versions = ">=2.7, !=3.0.*, !=3.1.*, !=3.2.*, !=3.3.*"
files = [
    {file = "pluggy-0.13.1-py2.py3-none-any.whl", hash = "sha256:966c145cd83c96502c3c3868f50408687b38434af77734af1e9ca461a4081d2d"},
    {file = "pluggy-0.13.1.tar.gz", hash = "sha256:15b2acde666561e1298d71b523007ed7364de07029219b604cf808bfa1c765b0"},
]

[package.extras]
dev = ["pre-commit", "tox"]

[[package]]
name = "proto-plus"
version = "1.22.2"
description = "Beautiful, Pythonic protocol buffers."
optional = false
python-versions = ">=3.6"
files = [
    {file = "proto-plus-1.22.2.tar.gz", hash = "sha256:0e8cda3d5a634d9895b75c573c9352c16486cb75deb0e078b5fda34db4243165"},
    {file = "proto_plus-1.22.2-py3-none-any.whl", hash = "sha256:de34e52d6c9c6fcd704192f09767cb561bb4ee64e70eede20b0834d841f0be4d"},
]

[package.dependencies]
protobuf = ">=3.19.0,<5.0.0dev"

[package.extras]
testing = ["google-api-core[grpc] (>=1.31.5)"]

[[package]]
name = "protobuf"
version = "4.21.9"
description = ""
optional = false
python-versions = ">=3.7"
files = [
    {file = "protobuf-4.21.9-cp310-abi3-win32.whl", hash = "sha256:6e0be9f09bf9b6cf497b27425487706fa48c6d1632ddd94dab1a5fe11a422392"},
    {file = "protobuf-4.21.9-cp310-abi3-win_amd64.whl", hash = "sha256:a7d0ea43949d45b836234f4ebb5ba0b22e7432d065394b532cdca8f98415e3cf"},
    {file = "protobuf-4.21.9-cp37-abi3-macosx_10_9_universal2.whl", hash = "sha256:b5ab0b8918c136345ff045d4b3d5f719b505b7c8af45092d7f45e304f55e50a1"},
    {file = "protobuf-4.21.9-cp37-abi3-manylinux2014_aarch64.whl", hash = "sha256:2c9c2ed7466ad565f18668aa4731c535511c5d9a40c6da39524bccf43e441719"},
    {file = "protobuf-4.21.9-cp37-abi3-manylinux2014_x86_64.whl", hash = "sha256:e575c57dc8b5b2b2caa436c16d44ef6981f2235eb7179bfc847557886376d740"},
    {file = "protobuf-4.21.9-cp37-cp37m-win32.whl", hash = "sha256:9227c14010acd9ae7702d6467b4625b6fe853175a6b150e539b21d2b2f2b409c"},
    {file = "protobuf-4.21.9-cp37-cp37m-win_amd64.whl", hash = "sha256:a419cc95fca8694804709b8c4f2326266d29659b126a93befe210f5bbc772536"},
    {file = "protobuf-4.21.9-cp38-cp38-win32.whl", hash = "sha256:5b0834e61fb38f34ba8840d7dcb2e5a2f03de0c714e0293b3963b79db26de8ce"},
    {file = "protobuf-4.21.9-cp38-cp38-win_amd64.whl", hash = "sha256:84ea107016244dfc1eecae7684f7ce13c788b9a644cd3fca5b77871366556444"},
    {file = "protobuf-4.21.9-cp39-cp39-win32.whl", hash = "sha256:f9eae277dd240ae19bb06ff4e2346e771252b0e619421965504bd1b1bba7c5fa"},
    {file = "protobuf-4.21.9-cp39-cp39-win_amd64.whl", hash = "sha256:6e312e280fbe3c74ea9e080d9e6080b636798b5e3939242298b591064470b06b"},
    {file = "protobuf-4.21.9-py2.py3-none-any.whl", hash = "sha256:7eb8f2cc41a34e9c956c256e3ac766cf4e1a4c9c925dc757a41a01be3e852965"},
    {file = "protobuf-4.21.9-py3-none-any.whl", hash = "sha256:48e2cd6b88c6ed3d5877a3ea40df79d08374088e89bedc32557348848dff250b"},
    {file = "protobuf-4.21.9.tar.gz", hash = "sha256:61f21493d96d2a77f9ca84fefa105872550ab5ef71d21c458eb80edcf4885a99"},
]

[[package]]
name = "pyasn1"
version = "0.4.8"
description = "ASN.1 types and codecs"
optional = false
python-versions = "*"
files = [
    {file = "pyasn1-0.4.8-py2.py3-none-any.whl", hash = "sha256:39c7e2ec30515947ff4e87fb6f456dfc6e84857d34be479c9d4a4ba4bf46aa5d"},
    {file = "pyasn1-0.4.8.tar.gz", hash = "sha256:aef77c9fb94a3ac588e87841208bdec464471d9871bd5050a287cc9a475cd0ba"},
]

[[package]]
name = "pyasn1-modules"
version = "0.2.8"
description = "A collection of ASN.1-based protocols modules."
optional = false
python-versions = "*"
files = [
    {file = "pyasn1-modules-0.2.8.tar.gz", hash = "sha256:905f84c712230b2c592c19470d3ca8d552de726050d1d1716282a1f6146be65e"},
    {file = "pyasn1_modules-0.2.8-py2.py3-none-any.whl", hash = "sha256:a50b808ffeb97cb3601dd25981f6b016cbb3d31fbf57a8b8a87428e6158d0c74"},
]

[package.dependencies]
pyasn1 = ">=0.4.6,<0.5.0"

[[package]]
name = "pyparsing"
version = "3.0.7"
description = "Python parsing module"
optional = false
python-versions = ">=3.6"
files = [
    {file = "pyparsing-3.0.7-py3-none-any.whl", hash = "sha256:a6c06a88f252e6c322f65faf8f418b16213b51bdfaece0524c1c1bc30c63c484"},
    {file = "pyparsing-3.0.7.tar.gz", hash = "sha256:18ee9022775d270c55187733956460083db60b37d0d0fb357445f3094eed3eea"},
]

[package.extras]
diagrams = ["jinja2", "railroad-diagrams"]

[[package]]
name = "pytest"
version = "7.4.2"
description = "pytest: simple powerful testing with Python"
optional = false
python-versions = ">=3.7"
files = [
    {file = "pytest-7.4.2-py3-none-any.whl", hash = "sha256:1d881c6124e08ff0a1bb75ba3ec0bfd8b5354a01c194ddd5a0a870a48d99b002"},
    {file = "pytest-7.4.2.tar.gz", hash = "sha256:a766259cfab564a2ad52cb1aae1b881a75c3eb7e34ca3779697c23ed47c47069"},
]

[package.dependencies]
colorama = {version = "*", markers = "sys_platform == \"win32\""}
exceptiongroup = {version = ">=1.0.0rc8", markers = "python_version < \"3.11\""}
iniconfig = "*"
packaging = "*"
pluggy = ">=0.12,<2.0"
tomli = {version = ">=1.0.0", markers = "python_version < \"3.11\""}

[package.extras]
testing = ["argcomplete", "attrs (>=19.2.0)", "hypothesis (>=3.56)", "mock", "nose", "pygments (>=2.7.2)", "requests", "setuptools", "xmlschema"]

[[package]]
name = "python-dotenv"
version = "0.20.0"
description = "Read key-value pairs from a .env file and set them as environment variables"
optional = false
python-versions = ">=3.5"
files = [
    {file = "python-dotenv-0.20.0.tar.gz", hash = "sha256:b7e3b04a59693c42c36f9ab1cc2acc46fa5df8c78e178fc33a8d4cd05c8d498f"},
    {file = "python_dotenv-0.20.0-py3-none-any.whl", hash = "sha256:d92a187be61fe482e4fd675b6d52200e7be63a12b724abbf931a40ce4fa92938"},
]

[package.extras]
cli = ["click (>=5.0)"]

[[package]]
name = "requests"
version = "2.31.0"
description = "Python HTTP for Humans."
optional = false
python-versions = ">=3.7"
files = [
    {file = "requests-2.31.0-py3-none-any.whl", hash = "sha256:58cd2187c01e70e6e26505bca751777aa9f2ee0b7f4300988b709f44e013003f"},
    {file = "requests-2.31.0.tar.gz", hash = "sha256:942c5a758f98d790eaed1a29cb6eefc7ffb0d1cf7af05c3d2791656dbd6ad1e1"},
]

[package.dependencies]
certifi = ">=2017.4.17"
charset-normalizer = ">=2,<4"
idna = ">=2.5,<4"
urllib3 = ">=1.21.1,<3"

[package.extras]
socks = ["PySocks (>=1.5.6,!=1.5.7)"]
use-chardet-on-py3 = ["chardet (>=3.0.2,<6)"]

[[package]]
name = "rsa"
version = "4.8"
description = "Pure-Python RSA implementation"
optional = false
python-versions = ">=3.6,<4"
files = [
    {file = "rsa-4.8-py3-none-any.whl", hash = "sha256:95c5d300c4e879ee69708c428ba566c59478fd653cc3a22243eeb8ed846950bb"},
    {file = "rsa-4.8.tar.gz", hash = "sha256:5c6bd9dc7a543b7fe4304a631f8a8a3b674e2bbfc49c2ae96200cdbe55df6b17"},
]

[package.dependencies]
pyasn1 = ">=0.1.3"

[[package]]
name = "six"
version = "1.16.0"
description = "Python 2 and 3 compatibility utilities"
optional = false
python-versions = ">=2.7, !=3.0.*, !=3.1.*, !=3.2.*"
files = [
    {file = "six-1.16.0-py2.py3-none-any.whl", hash = "sha256:8abb2f1d86890a2dfb989f9a77cfcfd3e47c2a354b01111771326f8aa26e0254"},
    {file = "six-1.16.0.tar.gz", hash = "sha256:1e61c37477a1626458e36f7b1d82aa5c9b094fa4802892072e49de9c60c4c926"},
]

[[package]]
name = "tomli"
version = "2.0.1"
description = "A lil' TOML parser"
optional = false
python-versions = ">=3.7"
files = [
    {file = "tomli-2.0.1-py3-none-any.whl", hash = "sha256:939de3e7a6161af0c887ef91b7d41a53e7c5a1ca976325f429cb46ea9bc30ecc"},
    {file = "tomli-2.0.1.tar.gz", hash = "sha256:de526c12914f0c550d15924c62d72abc48d6fe7364aa87328337a31007fe8a4f"},
]

[[package]]
name = "urllib3"
version = "1.26.8"
description = "HTTP library with thread-safe connection pooling, file post, and more."
optional = false
python-versions = ">=2.7, !=3.0.*, !=3.1.*, !=3.2.*, !=3.3.*, !=3.4.*, <4"
files = [
    {file = "urllib3-1.26.8-py2.py3-none-any.whl", hash = "sha256:000ca7f471a233c2251c6c7023ee85305721bfdf18621ebff4fd17a8653427ed"},
    {file = "urllib3-1.26.8.tar.gz", hash = "sha256:0e7c33d9a63e7ddfcb86780aac87befc2fbddf46c58dbb487e0855f7ceec283c"},
]

[package.extras]
brotli = ["brotlipy (>=0.6.0)"]
secure = ["certifi", "cryptography (>=1.3.4)", "idna (>=2.0.0)", "ipaddress", "pyOpenSSL (>=0.14)"]
socks = ["PySocks (>=1.5.6,!=1.5.7,<2.0)"]

[metadata]
lock-version = "2.0"
python-versions = "^3.10"
content-hash = "f5353ca99d991191d17065b70d17df4a02c783d54e91be9da2407d9e17fcd95f"
